
Microsoft Visual Studio Solution File, Format Version 12.00
# Visual Studio Version 16
VisualStudioVersion = 16.0.31624.102
MinimumVisualStudioVersion = 10.0.40219.1
Project("{F184B08F-C81C-45F6-A57F-5ABD9991F28F}") = "Groupe_10_Project", "Groupe_10_Project\Groupe_10_Project.vbproj", "{BFE983EC-9E5F-4BED-A0AB-3DEB9E11E274}"
EndProject
Global
	GlobalSection(SolutionConfigurationPlatforms) = preSolution
		Debug|Any CPU = Debug|Any CPU
		Release|Any CPU = Release|Any CPU
	EndGlobalSection
	GlobalSection(ProjectConfigurationPlatforms) = postSolution
		{BFE983EC-9E5F-4BED-A0AB-3DEB9E11E274}.Debug|Any CPU.ActiveCfg = Debug|Any CPU
		{BFE983EC-9E5F-4BED-A0AB-3DEB9E11E274}.Debug|Any CPU.Build.0 = Debug|Any CPU
		{BFE983EC-9E5F-4BED-A0AB-3DEB9E11E274}.Release|Any CPU.ActiveCfg = Release|Any CPU
		{BFE983EC-9E5F-4BED-A0AB-3DEB9E11E274}.Release|Any CPU.Build.0 = Release|Any CPU
	EndGlobalSection
	GlobalSection(SolutionProperties) = preSolution
		HideSolutionNode = FALSE
	EndGlobalSection
	GlobalSection(ExtensibilityGlobals) = postSolution
		SolutionGuid = {37A6FC7E-B9B1-4C80-8AC1-0C84CEE97312}
	EndGlobalSection
EndGlobal
